
Microsoft Visual Studio Solution File, Format Version 12.00
# Visual Studio Version 16
VisualStudioVersion = 16.0.31624.102
MinimumVisualStudioVersion = 10.0.40219.1
Project("{9A19103F-16F7-4668-BE54-9A1E7A4F7556}") = "Midterm", "Midterm\Midterm.csproj", "{7405F2F7-38F0-41C5-8719-489784FAFE6F}"
EndProject
Project("{FAE04EC0-301F-11D3-BF4B-00C04F79EFBC}") = "Midterm.Test", "Midterm.Test\Midterm.Test.csproj", "{7DC5A9F6-515D-4128-8EFF-B8A67C3ADA6E}"
EndProject
Global
	GlobalSection(SolutionConfigurationPlatforms) = preSolution
		Debug|Any CPU = Debug|Any CPU
		Release|Any CPU = Release|Any CPU
	EndGlobalSection
	GlobalSection(ProjectConfigurationPlatforms) = postSolution
		{7405F2F7-38F0-41C5-8719-489784FAFE6F}.Debug|Any CPU.ActiveCfg = Debug|Any CPU
		{7405F2F7-38F0-41C5-8719-489784FAFE6F}.Debug|Any CPU.Build.0 = Debug|Any CPU
		{7405F2F7-38F0-41C5-8719-489784FAFE6F}.Release|Any CPU.ActiveCfg = Release|Any CPU
		{7405F2F7-38F0-41C5-8719-489784FAFE6F}.Release|Any CPU.Build.0 = Release|Any CPU
		{7DC5A9F6-515D-4128-8EFF-B8A67C3ADA6E}.Debug|Any CPU.ActiveCfg = Debug|Any CPU
		{7DC5A9F6-515D-4128-8EFF-B8A67C3ADA6E}.Debug|Any CPU.Build.0 = Debug|Any CPU
		{7DC5A9F6-515D-4128-8EFF-B8A67C3ADA6E}.Release|Any CPU.ActiveCfg = Release|Any CPU
		{7DC5A9F6-515D-4128-8EFF-B8A67C3ADA6E}.Release|Any CPU.Build.0 = Release|Any CPU
	EndGlobalSection
	GlobalSection(SolutionProperties) = preSolution
		HideSolutionNode = FALSE
	EndGlobalSection
	GlobalSection(ExtensibilityGlobals) = postSolution
		SolutionGuid = {979CE2A7-75E4-4E50-8550-3F40124AC45C}
	EndGlobalSection
EndGlobal
